PODS:
  - AFNetworking (3.1.0):
    - AFNetworking/NSURLSession (= 3.1.0)
    - AFNetworking/Reachability (= 3.1.0)
    - AFNetworking/Security (= 3.1.0)
    - AFNetworking/Serialization (= 3.1.0)
    - AFNetworking/UIKit (= 3.1.0)
  - AFNetworking/NSURLSession (3.1.0):
    - AFNetworking/Reachability
    - AFNetworking/Security
    - AFNetworking/Serialization
  - AFNetworking/Reachability (3.1.0)
  - AFNetworking/Security (3.1.0)
  - AFNetworking/Serialization (3.1.0)
  - AFNetworking/UIKit (3.1.0):
    - AFNetworking/NSURLSession
  - Charts (3.5.0):
    - Charts/Core (= 3.5.0)
  - Charts/Core (3.5.0)
  - CocoaAsyncSocket (7.6.4)
  - CTMediator (32)
  - DTCoreText (1.6.23):
    - DTCoreText/Core (= 1.6.23)
    - DTFoundation/Core (~> 1.7.5)
    - DTFoundation/DTAnimatedGIF (~> 1.7.5)
    - DTFoundation/DTHTMLParser (~> 1.7.5)
    - DTFoundation/UIKit (~> 1.7.5)
  - DTCoreText/Core (1.6.23):
    - DTFoundation/Core (~> 1.7.5)
    - DTFoundation/DTAnimatedGIF (~> 1.7.5)
    - DTFoundation/DTHTMLParser (~> 1.7.5)
    - DTFoundation/UIKit (~> 1.7.5)
  - DTFoundation/Core (1.7.14)
  - DTFoundation/DTAnimatedGIF (1.7.14)
  - DTFoundation/DTHTMLParser (1.7.14):
    - DTFoundation/Core
  - DTFoundation/UIKit (1.7.14):
    - DTFoundation/Core
  - FBRetainCycleDetector (0.1.4)
  - FLAnimatedImage (1.0.12)
  - FMDB (2.7.5):
    - FMDB/standard (= 2.7.5)
  - FMDB/standard (2.7.5)
  - LxDBAnything (1.1.0)
  - LXFBase (0.1.0)
  - Masonry (1.1.0)
  - MBProgressHUD (1.2.0)
  - MJRefresh (3.4.3)
  - MLeaksFinder (1.0.0):
    - FBRetainCycleDetector
  - ReactiveCocoa (10.3.0):
    - ReactiveSwift (~> 6.2)
  - ReactiveObjC (3.1.1)
  - ReactiveObjCBridge (6.0.0):
    - ReactiveObjC (~> 3.1)
    - ReactiveSwift (~> 6.1)
  - ReactiveSwift (6.2.1)
  - SDWebImage (5.8.0):
    - SDWebImage/Core (= 5.8.0)
  - SDWebImage/Core (5.8.0)
  - SnapKit (4.2.0)
  - STRFTimeFormatter (1.1)
  - TTTAttributedLabel (2.0.0)
  - TYAttributedLabel (2.6.6)
  - "UITableView+FDTemplateLayoutCell (1.6)"
  - YBAttributeTextTapAction (3.0.3)
  - YYModel (1.0.4)
  - YYText (1.0.7)

DEPENDENCIES:
  - AFNetworking (= 3.1.0)
  - Charts
  - CocoaAsyncSocket
  - CTMediator
  - DTCoreText (~> 1.6.21)
  - FLAnimatedImage
  - FMDB
  - LxDBAnything
  - "LXFBase (from `git@gitee.com:virgilsun2012/LXFBase.git`)"
  - Masonry
  - MBProgressHUD
  - MJRefresh
  - MLeaksFinder
  - ReactiveCocoa
  - ReactiveObjC
  - ReactiveObjCBridge
  - SDWebImage (~> 5.0)
  - SnapKit (~> 4.2.0)
  - STRFTimeFormatter
  - TTTAttributedLabel
  - TYAttributedLabel
  - "UITableView+FDTemplateLayoutCell (~> 1.6)"
  - YBAttributeTextTapAction
  - YYModel
  - YYText

SPEC REPOS:
  https://github.com/CocoaPods/Specs.git:
    - Charts
    - CTMediator
  trunk:
    - AFNetworking
    - CocoaAsyncSocket
    - DTCoreText
    - DTFoundation
    - FBRetainCycleDetector
    - FLAnimatedImage
    - FMDB
    - LxDBAnything
    - Masonry
    - MBProgressHUD
    - MJRefresh
    - MLeaksFinder
    - ReactiveCocoa
    - ReactiveObjC
    - ReactiveObjCBridge
    - ReactiveSwift
    - SDWebImage
    - SnapKit
    - STRFTimeFormatter
    - TTTAttributedLabel
    - TYAttributedLabel
    - "UITableView+FDTemplateLayoutCell"
    - YBAttributeTextTapAction
    - YYModel
    - YYText

EXTERNAL SOURCES:
  LXFBase:
    :git: "git@gitee.com:virgilsun2012/LXFBase.git"

CHECKOUT OPTIONS:
  LXFBase:
    :commit: c99e2f7406302e38e3c44042730d9626bac6d3d3
    :git: "git@gitee.com:virgilsun2012/LXFBase.git"

SPEC CHECKSUMS:
  AFNetworking: 5e0e199f73d8626b11e79750991f5d173d1f8b67
  Charts: 40a08591df1f8ad5c223ddedfb1a06da92f24f7c
  CocoaAsyncSocket: 694058e7c0ed05a9e217d1b3c7ded962f4180845
  CTMediator: 10f2c387be0ab2061b75b88c86f9903eedba1ce8
  DTCoreText: 67023bb51b26711d5f640c851f4845aea14c24c9
  DTFoundation: 25aa19bb7c6e225b1dfae195604fb8cf1da0ab4c
  FBRetainCycleDetector: 46f8179bbb1c587deee3ea838a1a3ee02acf5015
  FLAnimatedImage: 4a0b56255d9b05f18b6dd7ee06871be5d3b89e31
  FMDB: 2ce00b547f966261cd18927a3ddb07cb6f3db82a
  LxDBAnything: 154a2ad1ae32e70355d886b5443260543bb60c71
  LXFBase: 38d7e741e7636f42607c5603627e8f451bb1b977
  Masonry: 678fab65091a9290e40e2832a55e7ab731aad201
  MBProgressHUD: 3ee5efcc380f6a79a7cc9b363dd669c5e1ae7406
  MJRefresh: 53e3e3219f204425ee6d3e62e8733d3295944cd6
  MLeaksFinder: 8c435bd2f6d070af18cff082b503b21adc130fc0
  ReactiveCocoa: 083ae559e6f588ce519cab412ea119b431c26a24
  ReactiveObjC: 011caa393aa0383245f2dcf9bf02e86b80b36040
  ReactiveObjCBridge: 5502e3da1f092d39953ac27816f3441e01eb875a
  ReactiveSwift: 07ddf579f4eb3ee3bd656214f0461aaf2c0fd639
  SDWebImage: 84000f962cbfa70c07f19d2234cbfcf5d779b5dc
  SnapKit: fe8a619752f3f27075cc9a90244d75c6c3f27e2a
  STRFTimeFormatter: 426a398955a01ce6e29e8fb48e97df00e6d0e4b6
  TTTAttributedLabel: 8cffe8e127e4e82ff3af1e5386d4cd0ad000b656
  TYAttributedLabel: cb8fc910d97eb5224936d4f692a78e042af691b2
  "UITableView+FDTemplateLayoutCell": 5c949b4a5059c404b442926c0e80f81d10a2d66f
  YBAttributeTextTapAction: b7e61f0265b5673e7ce7bad7319e8eff9e209a2b
  YYModel: 2a7fdd96aaa4b86a824e26d0c517de8928c04b30
  YYText: 5c461d709e24d55a182d1441c41dc639a18a4849

PODFILE CHECKSUM: dc2ec4921f690b1e16595043038d873cdfc6baad

COCOAPODS: 1.9.1
